<?xml version="1.0" encoding="utf-8"?>
<Project ToolsVersion="16.0" xmlns="http://schemas.microsoft.com/developer/msbuild/2003">
  <ItemGroup>
    <ClCompile Include="J:\Atom\lyfork\o3de\Code\Editor\EditorCore_autogen\mocs_compilation_debug.cpp">
      <Filter>Generated Files</Filter>
    </ClCompile>
    <ClCompile Include="J:\Atom\lyfork\o3de\Code\Editor\Include\EditorCoreAPI.cpp">
      <Filter>Include</Filter>
    </ClCompile>
    <ClCompile Include="J:\Atom\lyfork\o3de\Code\Editor\Controls\ReflectedPropertyControl\ReflectedPropertyCtrl.cpp">
      <Filter>Controls\ReflectedPropertyControl</Filter>
    </ClCompile>
    <ClCompile Include="J:\Atom\lyfork\o3de\Code\Editor\Controls\ReflectedPropertyControl\ReflectedPropertyItem.cpp">
      <Filter>Controls\ReflectedPropertyControl</Filter>
    </ClCompile>
    <ClCompile Include="J:\Atom\lyfork\o3de\Code\Editor\Controls\ReflectedPropertyControl\ReflectedVar.cpp">
      <Filter>Controls\ReflectedPropertyControl</Filter>
    </ClCompile>
    <ClCompile Include="J:\Atom\lyfork\o3de\Code\Editor\Controls\ReflectedPropertyControl\ReflectedVarWrapper.cpp">
      <Filter>Controls\ReflectedPropertyControl</Filter>
    </ClCompile>
    <ClCompile Include="J:\Atom\lyfork\o3de\Code\Editor\Controls\QBitmapPreviewDialog.cpp">
      <Filter>Controls</Filter>
    </ClCompile>
    <ClCompile Include="J:\Atom\lyfork\o3de\Code\Editor\Controls\QBitmapPreviewDialogImp.cpp">
      <Filter>Controls</Filter>
    </ClCompile>
    <ClCompile Include="J:\Atom\lyfork\o3de\Code\Editor\Controls\QToolTipWidget.cpp">
      <Filter>Controls</Filter>
    </ClCompile>
    <ClCompile Include="J:\Atom\lyfork\o3de\Code\Editor\BaseLibraryItem.cpp" />
    <ClCompile Include="J:\Atom\lyfork\o3de\Code\Editor\BaseLibrary.cpp" />
    <ClCompile Include="J:\Atom\lyfork\o3de\Code\Editor\UsedResources.cpp" />
    <ClCompile Include="J:\Atom\lyfork\o3de\Code\Editor\UIEnumsDatabase.cpp" />
    <ClCompile Include="J:\Atom\lyfork\o3de\Code\Editor\QtViewPaneManager.cpp" />
    <ClCompile Include="J:\Atom\lyfork\o3de\Code\Editor\ErrorRecorder.cpp" />
    <ClCompile Include="J:\Atom\lyfork\o3de\Code\Editor\ErrorDialog.cpp" />
    <ClCompile Include="J:\Atom\lyfork\o3de\Code\Editor\Clipboard.cpp" />
    <ClCompile Include="J:\Atom\lyfork\o3de\Code\Editor\Util\MemoryBlock.cpp">
      <Filter>Util</Filter>
    </ClCompile>
    <ClCompile Include="J:\Atom\lyfork\o3de\Code\Editor\Util\Variable.cpp">
      <Filter>Util</Filter>
    </ClCompile>
    <ClCompile Include="J:\Atom\lyfork\o3de\Code\Editor\Util\UndoUtil.cpp">
      <Filter>Util</Filter>
    </ClCompile>
    <ClCompile Include="J:\Atom\lyfork\o3de\Code\Editor\Util\VariablePropertyType.cpp">
      <Filter>Util</Filter>
    </ClCompile>
    <ClCompile Include="J:\Atom\lyfork\o3de\Code\Editor\Util\PathUtil.cpp">
      <Filter>Util</Filter>
    </ClCompile>
    <ClCompile Include="J:\Atom\lyfork\o3de\Code\Editor\Util\ImageHistogram.cpp">
      <Filter>Util</Filter>
    </ClCompile>
    <ClCompile Include="J:\Atom\lyfork\o3de\Code\Editor\Util\Image.cpp">
      <Filter>Util</Filter>
    </ClCompile>
    <ClCompile Include="J:\Atom\lyfork\o3de\Code\Editor\Util\ColorUtils.cpp">
      <Filter>Util</Filter>
    </ClCompile>
    <ClCompile Include="J:\Atom\lyfork\o3de\Code\Editor\Undo\Undo.cpp">
      <Filter>Undo</Filter>
    </ClCompile>
    <ClCompile Include="J:\Atom\lyfork\o3de\Code\Editor\QtUI\ColorButton.cpp">
      <Filter>QtUI</Filter>
    </ClCompile>
    <ClCompile Include="J:\Atom\lyfork\o3de\Code\Editor\EditorCore_autogen\mocs_compilation_profile.cpp">
      <Filter>Generated Files</Filter>
    </ClCompile>
    <ClCompile Include="J:\Atom\lyfork\o3de\Code\Editor\EditorCore_autogen\mocs_compilation_release.cpp">
      <Filter>Generated Files</Filter>
    </ClCompile>
  </ItemGroup>
  <ItemGroup>
    <ClInclude Include="J:\Atom\lyfork\o3de\Code\Editor\BaseLibrary.h" />
    <ClInclude Include="J:\Atom\lyfork\o3de\Code\Editor\BaseLibraryItem.h" />
    <ClInclude Include="J:\Atom\lyfork\o3de\Code\Editor\UsedResources.h" />
    <ClInclude Include="J:\Atom\lyfork\o3de\Code\Editor\UIEnumsDatabase.h" />
    <ClInclude Include="J:\Atom\lyfork\o3de\Code\Editor\Include\IErrorReport.h">
      <Filter>Include</Filter>
    </ClInclude>
    <ClInclude Include="J:\Atom\lyfork\o3de\Code\Editor\Include\IBaseLibraryManager.h">
      <Filter>Include</Filter>
    </ClInclude>
    <ClInclude Include="J:\Atom\lyfork\o3de\Code\Editor\Include\IFileUtil.h">
      <Filter>Include</Filter>
    </ClInclude>
    <ClInclude Include="J:\Atom\lyfork\o3de\Code\Editor\Include\EditorCoreAPI.h">
      <Filter>Include</Filter>
    </ClInclude>
    <ClInclude Include="J:\Atom\lyfork\o3de\Code\Editor\Include\IEditorMaterial.h">
      <Filter>Include</Filter>
    </ClInclude>
    <ClInclude Include="J:\Atom\lyfork\o3de\Code\Editor\Include\IEditorMaterialManager.h">
      <Filter>Include</Filter>
    </ClInclude>
    <ClInclude Include="J:\Atom\lyfork\o3de\Code\Editor\Include\IImageUtil.h">
      <Filter>Include</Filter>
    </ClInclude>
    <ClInclude Include="J:\Atom\lyfork\o3de\Code\Editor\Controls\ReflectedPropertyControl\ReflectedPropertyCtrl.h">
      <Filter>Controls\ReflectedPropertyControl</Filter>
    </ClInclude>
    <ClInclude Include="J:\Atom\lyfork\o3de\Code\Editor\Controls\ReflectedPropertyControl\ReflectedPropertyItem.h">
      <Filter>Controls\ReflectedPropertyControl</Filter>
    </ClInclude>
    <ClInclude Include="J:\Atom\lyfork\o3de\Code\Editor\Controls\ReflectedPropertyControl\ReflectedVar.h">
      <Filter>Controls\ReflectedPropertyControl</Filter>
    </ClInclude>
    <ClInclude Include="J:\Atom\lyfork\o3de\Code\Editor\Controls\ReflectedPropertyControl\ReflectedVarWrapper.h">
      <Filter>Controls\ReflectedPropertyControl</Filter>
    </ClInclude>
    <ClInclude Include="J:\Atom\lyfork\o3de\Code\Editor\Controls\QBitmapPreviewDialog.h">
      <Filter>Controls</Filter>
    </ClInclude>
    <ClInclude Include="J:\Atom\lyfork\o3de\Code\Editor\Controls\QBitmapPreviewDialogImp.h">
      <Filter>Controls</Filter>
    </ClInclude>
    <ClInclude Include="J:\Atom\lyfork\o3de\Code\Editor\Controls\QToolTipWidget.h">
      <Filter>Controls</Filter>
    </ClInclude>
    <ClInclude Include="J:\Atom\lyfork\o3de\Code\Editor\LyViewPaneNames.h" />
    <ClInclude Include="J:\Atom\lyfork\o3de\Code\Editor\QtViewPaneManager.h" />
    <ClInclude Include="J:\Atom\lyfork\o3de\Code\Editor\ErrorRecorder.h" />
    <ClInclude Include="J:\Atom\lyfork\o3de\Code\Editor\ErrorDialog.h" />
    <ClInclude Include="J:\Atom\lyfork\o3de\Code\Editor\Clipboard.h" />
    <ClInclude Include="J:\Atom\lyfork\o3de\Code\Editor\Util\MemoryBlock.h">
      <Filter>Util</Filter>
    </ClInclude>
    <ClInclude Include="J:\Atom\lyfork\o3de\Code\Editor\Util\Variable.h">
      <Filter>Util</Filter>
    </ClInclude>
    <ClInclude Include="J:\Atom\lyfork\o3de\Code\Editor\Util\UndoUtil.h">
      <Filter>Util</Filter>
    </ClInclude>
    <ClInclude Include="J:\Atom\lyfork\o3de\Code\Editor\Util\VariablePropertyType.h">
      <Filter>Util</Filter>
    </ClInclude>
    <ClInclude Include="J:\Atom\lyfork\o3de\Code\Editor\Util\RefCountBase.h">
      <Filter>Util</Filter>
    </ClInclude>
    <ClInclude Include="J:\Atom\lyfork\o3de\Code\Editor\Util\PathUtil.h">
      <Filter>Util</Filter>
    </ClInclude>
    <ClInclude Include="J:\Atom\lyfork\o3de\Code\Editor\Util\ImageHistogram.h">
      <Filter>Util</Filter>
    </ClInclude>
    <ClInclude Include="J:\Atom\lyfork\o3de\Code\Editor\Util\Image.h">
      <Filter>Util</Filter>
    </ClInclude>
    <ClInclude Include="J:\Atom\lyfork\o3de\Code\Editor\Util\ColorUtils.h">
      <Filter>Util</Filter>
    </ClInclude>
    <ClInclude Include="J:\Atom\lyfork\o3de\Code\Editor\Undo\IUndoManagerListener.h">
      <Filter>Undo</Filter>
    </ClInclude>
    <ClInclude Include="J:\Atom\lyfork\o3de\Code\Editor\Undo\IUndoObject.h">
      <Filter>Undo</Filter>
    </ClInclude>
    <ClInclude Include="J:\Atom\lyfork\o3de\Code\Editor\Undo\Undo.h">
      <Filter>Undo</Filter>
    </ClInclude>
    <ClInclude Include="J:\Atom\lyfork\o3de\Code\Editor\Undo\UndoVariableChange.h">
      <Filter>Undo</Filter>
    </ClInclude>
    <ClInclude Include="J:\Atom\lyfork\o3de\Code\Editor\WinWidgetId.h" />
    <ClInclude Include="J:\Atom\lyfork\o3de\Code\Editor\QtUI\ColorButton.h">
      <Filter>QtUI</Filter>
    </ClInclude>
    <ClInclude Include="J:\Atom\lyfork\o3de\Code\Editor\QtUtil.h" />
    <ClInclude Include="J:\Atom\lyfork\o3de\Code\Editor\QtUtilWin.h" />
    <ClInclude Include="J:\Atom\lyfork\o3de\Code\Editor\QtViewPane.h" />
    <ClInclude Include="J:\Atom\lyfork\o3de\Code\Editor\EditorCore_autogen\include\Controls\ui_QBitmapPreviewDialog.h">
      <Filter>Generated Files</Filter>
    </ClInclude>
    <ClInclude Include="J:\Atom\lyfork\o3de\Code\Editor\EditorCore_autogen\include\ui_ErrorDialog.h">
      <Filter>Generated Files</Filter>
    </ClInclude>
  </ItemGroup>
  <ItemGroup>
    <CustomBuild Include="J:\Atom\lyfork\o3de\Code\Editor\Controls\QBitmapPreviewDialog.ui">
      <Filter>Controls</Filter>
    </CustomBuild>
    <CustomBuild Include="J:\Atom\lyfork\o3de\Code\Editor\ErrorDialog.ui" />
    <CustomBuild Include="J:\Atom\lyfork\o3de\CMakeFiles\30f0cd7e77c1a3af51c56d0e4cd75e53\EditorCore_(CONFIG).stamp.rule">
      <Filter>Generated Files</Filter>
    </CustomBuild>
    <CustomBuild Include="J:\Atom\lyfork\o3de\Code\Editor\CMakeLists.txt">
      <Filter>Generated Files</Filter>
    </CustomBuild>
  </ItemGroup>
  <ItemGroup>
    <None Include="J:\Atom\lyfork\o3de\Code\Editor\Controls\ReflectedPropertyControl\ReflectedPropertyCtrl.qrc">
      <Filter>Controls\ReflectedPropertyControl</Filter>
    </None>
    <None Include="J:\Atom\lyfork\o3de\Code\Editor\editor_core_files.cmake" />
    <None Include="J:\Atom\lyfork\o3de\Code\Editor\Platform\Windows\editor_core_files_windows.cmake">
      <Filter>Platform\Windows</Filter>
    </None>
    <None Include="J:\Atom\lyfork\o3de\runtime_dependencies\debug\EditorCore_debug.stamp">
      <Filter>Generated Files</Filter>
    </None>
    <None Include="J:\Atom\lyfork\o3de\runtime_dependencies\profile\EditorCore_profile.stamp">
      <Filter>Generated Files</Filter>
    </None>
    <None Include="J:\Atom\lyfork\o3de\runtime_dependencies\release\EditorCore_release.stamp">
      <Filter>Generated Files</Filter>
    </None>
  </ItemGroup>
  <ItemGroup>
    <Filter Include="Controls">
      <UniqueIdentifier>{DF6C6960-15FC-31D1-93BD-A95BD5CD6FF2}</UniqueIdentifier>
    </Filter>
    <Filter Include="Controls\ReflectedPropertyControl">
      <UniqueIdentifier>{691CA7BE-EE3D-3B21-9E38-FD0C808D14A2}</UniqueIdentifier>
    </Filter>
    <Filter Include="Generated Files">
      <UniqueIdentifier>{B850A0B2-A113-352B-B22C-96BF458EC492}</UniqueIdentifier>
    </Filter>
    <Filter Include="Include">
      <UniqueIdentifier>{CD36A7C2-E7B2-3C66-962A-6150150D6209}</UniqueIdentifier>
    </Filter>
    <Filter Include="Platform">
      <UniqueIdentifier>{D4CCE8D3-A6C9-3C6A-9C86-8BF8F7D77D7F}</UniqueIdentifier>
    </Filter>
    <Filter Include="Platform\Windows">
      <UniqueIdentifier>{9B5BE819-E94D-379A-84DF-5559629D4548}</UniqueIdentifier>
    </Filter>
    <Filter Include="QtUI">
      <UniqueIdentifier>{D977A731-A5ED-30F1-9FF5-E5F3DD63CB21}</UniqueIdentifier>
    </Filter>
    <Filter Include="Undo">
      <UniqueIdentifier>{E861FE26-A245-3395-AAE8-52BF0A3C639B}</UniqueIdentifier>
    </Filter>
    <Filter Include="Util">
      <UniqueIdentifier>{17CC5990-CB52-3A38-9478-63AE1D1DB25B}</UniqueIdentifier>
    </Filter>
  </ItemGroup>
</Project>
