<?xml version="1.0" encoding="utf-8"?>
<Project ToolsVersion="16.0" xmlns="http://schemas.microsoft.com/developer/msbuild/2003">
  <ItemGroup>
    <ClCompile Include="J:\Atom\lyfork\o3de\Code\Framework\AzToolsFramework\AzToolsFrameworkTestCommon_autogen\mocs_compilation_debug.cpp">
      <Filter>Generated Files</Filter>
    </ClCompile>
    <ClCompile Include="J:\Atom\lyfork\o3de\Code\Framework\AzToolsFramework\AzToolsFramework\UnitTest\AzToolsFrameworkTestHelpers.cpp">
      <Filter>AzToolsFramework\UnitTest</Filter>
    </ClCompile>
    <ClCompile Include="J:\Atom\lyfork\o3de\Code\Framework\AzToolsFramework\AzToolsFramework\UnitTest\ToolsTestApplication.cpp">
      <Filter>AzToolsFramework\UnitTest</Filter>
    </ClCompile>
    <ClCompile Include="J:\Atom\lyfork\o3de\Code\Framework\AzToolsFramework\AzToolsFrameworkTestCommon_autogen\mocs_compilation_profile.cpp">
      <Filter>Generated Files</Filter>
    </ClCompile>
    <ClCompile Include="J:\Atom\lyfork\o3de\Code\Framework\AzToolsFramework\AzToolsFrameworkTestCommon_autogen\mocs_compilation_release.cpp">
      <Filter>Generated Files</Filter>
    </ClCompile>
  </ItemGroup>
  <ItemGroup>
    <ClInclude Include="J:\Atom\lyfork\o3de\Code\Framework\AzToolsFramework\AzToolsFramework\UnitTest\AzToolsFrameworkTestHelpers.h">
      <Filter>AzToolsFramework\UnitTest</Filter>
    </ClInclude>
    <ClInclude Include="J:\Atom\lyfork\o3de\Code\Framework\AzToolsFramework\AzToolsFramework\UnitTest\ToolsTestApplication.h">
      <Filter>AzToolsFramework\UnitTest</Filter>
    </ClInclude>
  </ItemGroup>
  <ItemGroup>
    <CustomBuild Include="J:\Atom\lyfork\o3de\Code\Framework\AzToolsFramework\CMakeLists.txt">
      <Filter>Generated Files</Filter>
    </CustomBuild>
  </ItemGroup>
  <ItemGroup>
    <None Include="J:\Atom\lyfork\o3de\Code\Framework\AzToolsFramework\AzToolsFramework\aztoolsframeworktestcommon_files.cmake">
      <Filter>AzToolsFramework</Filter>
    </None>
  </ItemGroup>
  <ItemGroup>
    <Filter Include="AzToolsFramework">
      <UniqueIdentifier>{43AFDE04-AE7F-381D-86BC-6F8B2B8C6944}</UniqueIdentifier>
    </Filter>
    <Filter Include="AzToolsFramework\UnitTest">
      <UniqueIdentifier>{22608C67-0591-3655-9B49-B941219C449C}</UniqueIdentifier>
    </Filter>
    <Filter Include="Generated Files">
      <UniqueIdentifier>{B850A0B2-A113-352B-B22C-96BF458EC492}</UniqueIdentifier>
    </Filter>
  </ItemGroup>
</Project>
