<?xml version="1.0" encoding="utf-8"?>
<Project ToolsVersion="16.0" xmlns="http://schemas.microsoft.com/developer/msbuild/2003">
  <ItemGroup>
    <ClCompile Include="J:\Atom\lyfork\o3de\Code\Framework\AzFramework\Tests\Utils\Utils.cpp">
      <Filter>Tests\Utils</Filter>
    </ClCompile>
  </ItemGroup>
  <ItemGroup>
    <ClInclude Include="J:\Atom\lyfork\o3de\Code\Framework\AzFramework\Tests\Mocks\MockSpawnableEntitiesInterface.h">
      <Filter>Tests\Mocks</Filter>
    </ClInclude>
    <ClInclude Include="J:\Atom\lyfork\o3de\Code\Framework\AzFramework\Tests\Mocks\MockWindowRequests.h">
      <Filter>Tests\Mocks</Filter>
    </ClInclude>
    <ClInclude Include="J:\Atom\lyfork\o3de\Code\Framework\AzFramework\Tests\Utils\Utils.h">
      <Filter>Tests\Utils</Filter>
    </ClInclude>
    <ClInclude Include="J:\Atom\lyfork\o3de\Code\Framework\AzFramework\Tests\FrameworkApplicationFixture.h">
      <Filter>Tests</Filter>
    </ClInclude>
  </ItemGroup>
  <ItemGroup>
    <CustomBuild Include="J:\Atom\lyfork\o3de\Code\Framework\AzFramework\CMakeLists.txt">
      <Filter>Generated Files</Filter>
    </CustomBuild>
  </ItemGroup>
  <ItemGroup>
    <None Include="J:\Atom\lyfork\o3de\Code\Framework\AzFramework\Tests\framework_shared_tests_files.cmake">
      <Filter>Tests</Filter>
    </None>
  </ItemGroup>
  <ItemGroup>
    <Filter Include="Generated Files">
      <UniqueIdentifier>{B850A0B2-A113-352B-B22C-96BF458EC492}</UniqueIdentifier>
    </Filter>
    <Filter Include="Tests">
      <UniqueIdentifier>{A12C7827-546E-3D77-AE99-877104F2DFF1}</UniqueIdentifier>
    </Filter>
    <Filter Include="Tests\Mocks">
      <UniqueIdentifier>{53A6A82D-F762-3B17-819E-BD0E21ED366B}</UniqueIdentifier>
    </Filter>
    <Filter Include="Tests\Utils">
      <UniqueIdentifier>{237C34A1-6A0B-339F-A9B3-273A086069B4}</UniqueIdentifier>
    </Filter>
  </ItemGroup>
</Project>
