<?xml version="1.0" encoding="utf-8"?>
<Project ToolsVersion="16.0" xmlns="http://schemas.microsoft.com/developer/msbuild/2003">
  <ItemGroup>
    <ClCompile Include="J:\Atom\lyfork\o3de\Code\Framework\AzFramework\Tests\ProcessLaunchMain.cpp">
      <Filter>Tests</Filter>
    </ClCompile>
  </ItemGroup>
  <ItemGroup>
    <CustomBuild Include="J:\Atom\lyfork\o3de\CMakeFiles\30f0cd7e77c1a3af51c56d0e4cd75e53\ProcessLaunchTest_(CONFIG).stamp.rule">
      <Filter>Generated Files</Filter>
    </CustomBuild>
    <CustomBuild Include="J:\Atom\lyfork\o3de\Code\Framework\AzFramework\CMakeLists.txt">
      <Filter>Generated Files</Filter>
    </CustomBuild>
  </ItemGroup>
  <ItemGroup>
    <None Include="J:\Atom\lyfork\o3de\Code\Framework\AzFramework\Tests\process_launch_test_files.cmake">
      <Filter>Tests</Filter>
    </None>
    <None Include="J:\Atom\lyfork\o3de\runtime_dependencies\debug\ProcessLaunchTest_debug.stamp">
      <Filter>Generated Files</Filter>
    </None>
    <None Include="J:\Atom\lyfork\o3de\runtime_dependencies\profile\ProcessLaunchTest_profile.stamp">
      <Filter>Generated Files</Filter>
    </None>
    <None Include="J:\Atom\lyfork\o3de\runtime_dependencies\release\ProcessLaunchTest_release.stamp">
      <Filter>Generated Files</Filter>
    </None>
  </ItemGroup>
  <ItemGroup>
    <Filter Include="Generated Files">
      <UniqueIdentifier>{B850A0B2-A113-352B-B22C-96BF458EC492}</UniqueIdentifier>
    </Filter>
    <Filter Include="Tests">
      <UniqueIdentifier>{A12C7827-546E-3D77-AE99-877104F2DFF1}</UniqueIdentifier>
    </Filter>
  </ItemGroup>
</Project>
