<?xml version="1.0" encoding="utf-8"?>
<Project ToolsVersion="16.0" xmlns="http://schemas.microsoft.com/developer/msbuild/2003">
  <ItemGroup>
    <ClCompile Include="J:\Atom\lyfork\o3de\Code\Tools\AssetProcessor\AssetBuilder\AssetBuilderApplication.cpp" />
    <ClCompile Include="J:\Atom\lyfork\o3de\Code\Tools\AssetProcessor\AssetBuilder\AssetBuilderComponent.cpp" />
    <ClCompile Include="J:\Atom\lyfork\o3de\Code\Tools\AssetProcessor\AssetBuilder\main.cpp" />
    <ClCompile Include="J:\Atom\lyfork\o3de\Code\Tools\AssetProcessor\AssetBuilder\AssetBuilderInfo.cpp" />
    <ClCompile Include="J:\Atom\lyfork\o3de\Code\Tools\AssetProcessor\AssetBuilder\TraceMessageHook.cpp" />
    <ClCompile Include="J:\Atom\lyfork\o3de\Code\Tools\AssetProcessor\AssetBuilder\Platform\Windows\AssetBuilderApplication_windows.cpp">
      <Filter>Platform\Windows</Filter>
    </ClCompile>
  </ItemGroup>
  <ItemGroup>
    <ClInclude Include="J:\Atom\lyfork\o3de\Code\Tools\AssetProcessor\AssetBuilder\AssetBuilderApplication.h" />
    <ClInclude Include="J:\Atom\lyfork\o3de\Code\Tools\AssetProcessor\AssetBuilder\AssetBuilderComponent.h" />
    <ClInclude Include="J:\Atom\lyfork\o3de\Code\Tools\AssetProcessor\AssetBuilder\AssetBuilderInfo.h" />
    <ClInclude Include="J:\Atom\lyfork\o3de\Code\Tools\AssetProcessor\AssetBuilder\TraceMessageHook.h" />
  </ItemGroup>
  <ItemGroup>
    <CustomBuild Include="J:\Atom\lyfork\o3de\Code\Tools\AssetProcessor\AssetBuilder\CMakeLists.txt">
      <Filter>Generated Files</Filter>
    </CustomBuild>
  </ItemGroup>
  <ItemGroup>
    <None Include="J:\Atom\lyfork\o3de\Code\Tools\AssetProcessor\AssetBuilder\asset_builder_files.cmake" />
    <None Include="J:\Atom\lyfork\o3de\Code\Tools\AssetProcessor\AssetBuilder\Platform\Windows\asset_builder_windows_files.cmake">
      <Filter>Platform\Windows</Filter>
    </None>
  </ItemGroup>
  <ItemGroup>
    <ResourceCompile Include="J:\Atom\lyfork\o3de\Code\Tools\AssetProcessor\AssetBuilder\AssetBuilder.rc" />
  </ItemGroup>
  <ItemGroup>
    <Filter Include="Generated Files">
      <UniqueIdentifier>{B850A0B2-A113-352B-B22C-96BF458EC492}</UniqueIdentifier>
    </Filter>
    <Filter Include="Platform">
      <UniqueIdentifier>{D4CCE8D3-A6C9-3C6A-9C86-8BF8F7D77D7F}</UniqueIdentifier>
    </Filter>
    <Filter Include="Platform\Windows">
      <UniqueIdentifier>{9B5BE819-E94D-379A-84DF-5559629D4548}</UniqueIdentifier>
    </Filter>
  </ItemGroup>
</Project>
