<?xml version="1.0" encoding="utf-8"?>
<Project ToolsVersion="16.0" xmlns="http://schemas.microsoft.com/developer/msbuild/2003">
  <ItemGroup>
    <ClCompile Include="J:\Atom\lyfork\o3de\Code\Editor\Plugins\PerforcePlugin\PerforcePlugin_autogen\mocs_compilation_debug.cpp">
      <Filter>Generated Files</Filter>
    </ClCompile>
    <ClCompile Include="J:\Atom\lyfork\o3de\Code\Editor\Plugins\PerforcePlugin\main.cpp" />
    <ClCompile Include="J:\Atom\lyfork\o3de\Code\Editor\Plugins\PerforcePlugin\PasswordDlg.cpp" />
    <ClCompile Include="J:\Atom\lyfork\o3de\Code\Editor\Plugins\PerforcePlugin\PerforcePlugin.cpp" />
    <ClCompile Include="J:\Atom\lyfork\o3de\Code\Editor\Plugins\PerforcePlugin\PerforceSourceControl.cpp" />
    <ClCompile Include="J:\Atom\lyfork\o3de\Code\Editor\Plugins\PerforcePlugin\PerforcePlugin_autogen\mocs_compilation_profile.cpp">
      <Filter>Generated Files</Filter>
    </ClCompile>
    <ClCompile Include="J:\Atom\lyfork\o3de\Code\Editor\Plugins\PerforcePlugin\PerforcePlugin_autogen\mocs_compilation_release.cpp">
      <Filter>Generated Files</Filter>
    </ClCompile>
  </ItemGroup>
  <ItemGroup>
    <ClInclude Include="J:\Atom\lyfork\o3de\Code\Editor\Plugins\PerforcePlugin\PasswordDlg.h" />
    <ClInclude Include="J:\Atom\lyfork\o3de\Code\Editor\Plugins\PerforcePlugin\PerforcePlugin.h" />
    <ClInclude Include="J:\Atom\lyfork\o3de\Code\Editor\Plugins\PerforcePlugin\PerforceSourceControl.h" />
    <ClInclude Include="J:\Atom\lyfork\o3de\Code\Editor\Plugins\PerforcePlugin\resource.h" />
    <ClInclude Include="J:\Atom\lyfork\o3de\Code\Editor\Plugins\PerforcePlugin\PerforcePlugin_autogen\include\ui_settings.h">
      <Filter>Generated Files</Filter>
    </ClInclude>
  </ItemGroup>
  <ItemGroup>
    <CustomBuild Include="J:\Atom\lyfork\o3de\Code\Editor\Plugins\PerforcePlugin\settings.ui" />
    <CustomBuild Include="J:\Atom\lyfork\o3de\Code\Editor\Plugins\PerforcePlugin\CMakeLists.txt">
      <Filter>Generated Files</Filter>
    </CustomBuild>
  </ItemGroup>
  <ItemGroup>
    <None Include="J:\Atom\lyfork\o3de\Code\Editor\Plugins\PerforcePlugin\PerforcePlugin.qrc" />
    <None Include="J:\Atom\lyfork\o3de\Code\Editor\Plugins\PerforcePlugin\perforceplugin_files.cmake" />
  </ItemGroup>
  <ItemGroup>
    <Filter Include="Generated Files">
      <UniqueIdentifier>{B850A0B2-A113-352B-B22C-96BF458EC492}</UniqueIdentifier>
    </Filter>
  </ItemGroup>
</Project>
