<?xml version="1.0" encoding="utf-8"?>
<Project ToolsVersion="16.0" xmlns="http://schemas.microsoft.com/developer/msbuild/2003">
  <ItemGroup>
    <ClCompile Include="J:\Atom\lyfork\o3de\Code\Editor\Plugins\ComponentEntityEditorPlugin\ComponentEntityEditorPlugin.Tests_autogen\mocs_compilation_debug.cpp">
      <Filter>Generated Files</Filter>
    </ClCompile>
    <ClCompile Include="J:\Atom\lyfork\o3de\Code\Editor\Plugins\ComponentEntityEditorPlugin\Tests\test_Main.cpp">
      <Filter>Tests</Filter>
    </ClCompile>
    <ClCompile Include="J:\Atom\lyfork\o3de\Code\Editor\Plugins\ComponentEntityEditorPlugin\Tests\ComponentEntityObjectStateTests.cpp">
      <Filter>Tests</Filter>
    </ClCompile>
    <ClCompile Include="J:\Atom\lyfork\o3de\Code\Editor\Plugins\ComponentEntityEditorPlugin\Objects\ComponentEntityObject.cpp">
      <Filter>Objects</Filter>
    </ClCompile>
    <ClCompile Include="J:\Atom\lyfork\o3de\Code\Editor\Plugins\ComponentEntityEditorPlugin\ComponentEntityEditorPlugin.Tests_autogen\mocs_compilation_profile.cpp">
      <Filter>Generated Files</Filter>
    </ClCompile>
    <ClCompile Include="J:\Atom\lyfork\o3de\Code\Editor\Plugins\ComponentEntityEditorPlugin\ComponentEntityEditorPlugin.Tests_autogen\mocs_compilation_release.cpp">
      <Filter>Generated Files</Filter>
    </ClCompile>
  </ItemGroup>
  <ItemGroup>
    <ClInclude Include="J:\Atom\lyfork\o3de\Code\Editor\Plugins\ComponentEntityEditorPlugin\Objects\ComponentEntityObject.h">
      <Filter>Objects</Filter>
    </ClInclude>
  </ItemGroup>
  <ItemGroup>
    <CustomBuild Include="J:\Atom\lyfork\o3de\CMakeFiles\30f0cd7e77c1a3af51c56d0e4cd75e53\ComponentEntityEditorPlugin.Tests_(CONFIG).stamp.rule">
      <Filter>Generated Files</Filter>
    </CustomBuild>
    <CustomBuild Include="J:\Atom\lyfork\o3de\Code\Editor\Plugins\ComponentEntityEditorPlugin\CMakeLists.txt">
      <Filter>Generated Files</Filter>
    </CustomBuild>
  </ItemGroup>
  <ItemGroup>
    <None Include="J:\Atom\lyfork\o3de\Code\Editor\Plugins\ComponentEntityEditorPlugin\componententityeditorplugin_test_files.cmake" />
    <None Include="J:\Atom\lyfork\o3de\runtime_dependencies\debug\ComponentEntityEditorPlugin.Tests_debug.stamp">
      <Filter>Generated Files</Filter>
    </None>
    <None Include="J:\Atom\lyfork\o3de\runtime_dependencies\profile\ComponentEntityEditorPlugin.Tests_profile.stamp">
      <Filter>Generated Files</Filter>
    </None>
    <None Include="J:\Atom\lyfork\o3de\runtime_dependencies\release\ComponentEntityEditorPlugin.Tests_release.stamp">
      <Filter>Generated Files</Filter>
    </None>
  </ItemGroup>
  <ItemGroup>
    <Filter Include="Generated Files">
      <UniqueIdentifier>{B850A0B2-A113-352B-B22C-96BF458EC492}</UniqueIdentifier>
    </Filter>
    <Filter Include="Objects">
      <UniqueIdentifier>{395D38A7-3429-3E27-B1FC-846E64CA39F1}</UniqueIdentifier>
    </Filter>
    <Filter Include="Tests">
      <UniqueIdentifier>{A12C7827-546E-3D77-AE99-877104F2DFF1}</UniqueIdentifier>
    </Filter>
  </ItemGroup>
</Project>
