<?xml version="1.0" encoding="utf-8"?>
<Project ToolsVersion="16.0" xmlns="http://schemas.microsoft.com/developer/msbuild/2003">
  <ItemGroup>
    <ClCompile Include="J:\Atom\lyfork\o3de\Code\Tools\GridHub\GridHub_autogen\mocs_compilation_debug.cpp">
      <Filter>Generated Files</Filter>
    </ClCompile>
    <ClCompile Include="J:\Atom\lyfork\o3de\Code\Tools\GridHub\GridHub\main.cpp">
      <Filter>GridHub</Filter>
    </ClCompile>
    <ClCompile Include="J:\Atom\lyfork\o3de\Code\Tools\GridHub\GridHub\gridhub.cpp">
      <Filter>GridHub</Filter>
    </ClCompile>
    <ClCompile Include="J:\Atom\lyfork\o3de\Code\Tools\GridHub\GridHub_autogen\AWIQXTSZUY\qrc_GridHub.cpp">
      <Filter>Generated Files</Filter>
    </ClCompile>
    <ClCompile Include="J:\Atom\lyfork\o3de\Code\Tools\GridHub\GridHub_autogen\mocs_compilation_profile.cpp">
      <Filter>Generated Files</Filter>
    </ClCompile>
    <ClCompile Include="J:\Atom\lyfork\o3de\Code\Tools\GridHub\GridHub_autogen\mocs_compilation_release.cpp">
      <Filter>Generated Files</Filter>
    </ClCompile>
  </ItemGroup>
  <ItemGroup>
    <ClInclude Include="J:\Atom\lyfork\o3de\Code\Tools\GridHub\GridHub\gridhub.hxx">
      <Filter>GridHub</Filter>
    </ClInclude>
    <ClInclude Include="J:\Atom\lyfork\o3de\Code\Tools\GridHub\GridHub_autogen\include\GridHub\ui_GridHub.h">
      <Filter>Generated Files</Filter>
    </ClInclude>
  </ItemGroup>
  <ItemGroup>
    <CustomBuild Include="J:\Atom\lyfork\o3de\Code\Tools\GridHub\GridHub\GridHub.ui">
      <Filter>GridHub</Filter>
    </CustomBuild>
    <CustomBuild Include="J:\Atom\lyfork\o3de\CMakeFiles\30f0cd7e77c1a3af51c56d0e4cd75e53\GridHub_(CONFIG).stamp.rule">
      <Filter>Generated Files</Filter>
    </CustomBuild>
    <CustomBuild Include="J:\Atom\lyfork\o3de\CMakeFiles\ffe19ece1115f7af56e503d27608c43b\qrc_GridHub.cpp.rule">
      <Filter>Generated Files</Filter>
    </CustomBuild>
    <CustomBuild Include="J:\Atom\lyfork\o3de\Code\Tools\GridHub\CMakeLists.txt">
      <Filter>Generated Files</Filter>
    </CustomBuild>
  </ItemGroup>
  <ItemGroup>
    <None Include="J:\Atom\lyfork\o3de\Code\Tools\GridHub\GridHub\GridHub.qrc">
      <Filter>GridHub</Filter>
    </None>
    <None Include="J:\Atom\lyfork\o3de\Code\Tools\GridHub\gridhub_files.cmake" />
    <None Include="J:\Atom\lyfork\o3de\Code\Tools\GridHub\Platform\Windows\gridhub_windows_files.cmake">
      <Filter>Platform\Windows</Filter>
    </None>
    <None Include="J:\Atom\lyfork\o3de\Code\Tools\GridHub\Platform\Windows\platform_windows.cmake">
      <Filter>Platform\Windows</Filter>
    </None>
    <None Include="J:\Atom\lyfork\o3de\runtime_dependencies\debug\GridHub_debug.stamp">
      <Filter>Generated Files</Filter>
    </None>
    <None Include="J:\Atom\lyfork\o3de\runtime_dependencies\profile\GridHub_profile.stamp">
      <Filter>Generated Files</Filter>
    </None>
    <None Include="J:\Atom\lyfork\o3de\runtime_dependencies\release\GridHub_release.stamp">
      <Filter>Generated Files</Filter>
    </None>
  </ItemGroup>
  <ItemGroup>
    <Filter Include="Generated Files">
      <UniqueIdentifier>{B850A0B2-A113-352B-B22C-96BF458EC492}</UniqueIdentifier>
    </Filter>
    <Filter Include="GridHub">
      <UniqueIdentifier>{0A1552CC-4D39-3277-AC98-8E941AE0CA88}</UniqueIdentifier>
    </Filter>
    <Filter Include="Platform">
      <UniqueIdentifier>{D4CCE8D3-A6C9-3C6A-9C86-8BF8F7D77D7F}</UniqueIdentifier>
    </Filter>
    <Filter Include="Platform\Windows">
      <UniqueIdentifier>{9B5BE819-E94D-379A-84DF-5559629D4548}</UniqueIdentifier>
    </Filter>
  </ItemGroup>
</Project>
