<?xml version="1.0" encoding="utf-8"?>
<Project ToolsVersion="16.0" xmlns="http://schemas.microsoft.com/developer/msbuild/2003">
  <ItemGroup>
    <ClCompile Include="J:\Atom\lyfork\o3de\Code\Tools\CrashHandler\Uploader\src\CrashUploader.cpp">
      <Filter>Uploader\src</Filter>
    </ClCompile>
  </ItemGroup>
  <ItemGroup>
    <ClInclude Include="J:\Atom\lyfork\o3de\Code\Tools\CrashHandler\Uploader\include\Uploader\CrashUploader.h">
      <Filter>Uploader\include\Uploader</Filter>
    </ClInclude>
  </ItemGroup>
  <ItemGroup>
    <CustomBuild Include="J:\Atom\lyfork\o3de\Code\Tools\CrashHandler\CMakeLists.txt">
      <Filter>Generated Files</Filter>
    </CustomBuild>
  </ItemGroup>
  <ItemGroup>
    <None Include="J:\Atom\lyfork\o3de\Code\Tools\CrashHandler\crash_uploader_support_files.cmake" />
  </ItemGroup>
  <ItemGroup>
    <Filter Include="Generated Files">
      <UniqueIdentifier>{B850A0B2-A113-352B-B22C-96BF458EC492}</UniqueIdentifier>
    </Filter>
    <Filter Include="Uploader">
      <UniqueIdentifier>{CDFBD2D2-C9BD-37AA-97A1-945844D936F3}</UniqueIdentifier>
    </Filter>
    <Filter Include="Uploader\include">
      <UniqueIdentifier>{4E32B75E-A7E5-35F9-84E4-BF3A7C19B6D6}</UniqueIdentifier>
    </Filter>
    <Filter Include="Uploader\include\Uploader">
      <UniqueIdentifier>{F1EBE231-0297-399F-B7DD-EF357C174D3B}</UniqueIdentifier>
    </Filter>
    <Filter Include="Uploader\src">
      <UniqueIdentifier>{05CC29D0-7769-3AB1-BAAF-5ADFAAB4C603}</UniqueIdentifier>
    </Filter>
  </ItemGroup>
</Project>
