<?xml version="1.0" encoding="utf-8"?>
<Project ToolsVersion="16.0" xmlns="http://schemas.microsoft.com/developer/msbuild/2003">
  <ItemGroup>
    <ClCompile Include="J:\Atom\lyfork\o3de\Code\Tools\CrashHandler\Shared\CrashHandler.cpp">
      <Filter>Shared</Filter>
    </ClCompile>
    <ClCompile Include="J:\Atom\lyfork\o3de\Code\Tools\CrashHandler\Platform\CrashHandler_win.cpp">
      <Filter>Platform\Windows\..</Filter>
    </ClCompile>
  </ItemGroup>
  <ItemGroup>
    <ClInclude Include="J:\Atom\lyfork\o3de\Code\Tools\CrashHandler\Shared\CrashHandler.h">
      <Filter>Shared</Filter>
    </ClInclude>
    <ClInclude Include="J:\Atom\lyfork\o3de\Code\Tools\CrashHandler\Platform\Windows\CrashHandler_Traits_Platform.h">
      <Filter>Platform\Windows</Filter>
    </ClInclude>
    <ClInclude Include="J:\Atom\lyfork\o3de\Code\Tools\CrashHandler\Platform\Windows\CrashHandler_Traits_Windows.h">
      <Filter>Platform\Windows</Filter>
    </ClInclude>
  </ItemGroup>
  <ItemGroup>
    <CustomBuild Include="J:\Atom\lyfork\o3de\Code\Tools\CrashHandler\CMakeLists.txt">
      <Filter>Generated Files</Filter>
    </CustomBuild>
  </ItemGroup>
  <ItemGroup>
    <None Include="J:\Atom\lyfork\o3de\Code\Tools\CrashHandler\crash_handler_files.cmake" />
    <None Include="J:\Atom\lyfork\o3de\Code\Tools\CrashHandler\Platform\Windows\crash_handler_windows_files.cmake">
      <Filter>Platform\Windows</Filter>
    </None>
    <None Include="J:\Atom\lyfork\o3de\Code\Tools\CrashHandler\Platform\Windows\platform_windows_files.cmake">
      <Filter>Platform\Windows</Filter>
    </None>
  </ItemGroup>
  <ItemGroup>
    <Filter Include="Generated Files">
      <UniqueIdentifier>{B850A0B2-A113-352B-B22C-96BF458EC492}</UniqueIdentifier>
    </Filter>
    <Filter Include="Platform">
      <UniqueIdentifier>{D4CCE8D3-A6C9-3C6A-9C86-8BF8F7D77D7F}</UniqueIdentifier>
    </Filter>
    <Filter Include="Platform\Windows">
      <UniqueIdentifier>{9B5BE819-E94D-379A-84DF-5559629D4548}</UniqueIdentifier>
    </Filter>
    <Filter Include="Platform\Windows\..">
      <UniqueIdentifier>{731ADA3D-17B6-381E-ABF5-417E8742D0A7}</UniqueIdentifier>
    </Filter>
    <Filter Include="Shared">
      <UniqueIdentifier>{BD217AF4-41F6-3CA9-B3C1-0EB04188B695}</UniqueIdentifier>
    </Filter>
  </ItemGroup>
</Project>
